
Microsoft Visual Studio Solution File, Format Version 12.00
# Visual Studio Version 16
VisualStudioVersion = 16.0.31129.286
MinimumVisualStudioVersion = 10.0.40219.1
Project("{FAE04EC0-301F-11D3-BF4B-00C04F79EFBC}") = "GettingStartedWithSourceControl", "GettingStartedWithSourceControl\GettingStartedWithSourceControl.csproj", "{95B69301-FDDD-4B88-88B7-169C63F2871A}"
EndProject
Global
	GlobalSection(SolutionConfigurationPlatforms) = preSolution
		Debug|Any CPU = Debug|Any CPU
		Release|Any CPU = Release|Any CPU
	EndGlobalSection
	GlobalSection(ProjectConfigurationPlatforms) = postSolution
		{95B69301-FDDD-4B88-88B7-169C63F2871A}.Debug|Any CPU.ActiveCfg = Debug|Any CPU
		{95B69301-FDDD-4B88-88B7-169C63F2871A}.Debug|Any CPU.Build.0 = Debug|Any CPU
		{95B69301-FDDD-4B88-88B7-169C63F2871A}.Release|Any CPU.ActiveCfg = Release|Any CPU
		{95B69301-FDDD-4B88-88B7-169C63F2871A}.Release|Any CPU.Build.0 = Release|Any CPU
	EndGlobalSection
	GlobalSection(SolutionProperties) = preSolution
		HideSolutionNode = FALSE
	EndGlobalSection
	GlobalSection(ExtensibilityGlobals) = postSolution
		SolutionGuid = {832E3F63-DEC3-4279-8B5F-0F9587CD4D06}
	EndGlobalSection
EndGlobal
